
Microsoft Visual Studio Solution File, Format Version 12.00
# Visual Studio 2013
VisualStudioVersion = 12.0.31101.0
MinimumVisualStudioVersion = 10.0.40219.1
Project("{FAE04EC0-301F-11D3-BF4B-00C04F79EFBC}") = "PeNet", "PeNet\PeNet.csproj", "{2E72CE9D-968B-485A-85AF-AD865203ABFA}"
EndProject
Project("{FAE04EC0-301F-11D3-BF4B-00C04F79EFBC}") = "Example", "Example\Example.csproj", "{88E5C869-460F-4231-A98C-F1C6D5DB198B}"
EndProject
Project("{FAE04EC0-301F-11D3-BF4B-00C04F79EFBC}") = "PeNet2", "PeNet2\PeNet2.csproj", "{FE67C8A3-B4B2-4429-A5BA-379580EEE90C}"
EndProject
Global
	GlobalSection(SolutionConfigurationPlatforms) = preSolution
		Debug|Any CPU = Debug|Any CPU
		Release|Any CPU = Release|Any CPU
	EndGlobalSection
	GlobalSection(ProjectConfigurationPlatforms) = postSolution
		{2E72CE9D-968B-485A-85AF-AD865203ABFA}.Debug|Any CPU.ActiveCfg = Debug|Any CPU
		{2E72CE9D-968B-485A-85AF-AD865203ABFA}.Debug|Any CPU.Build.0 = Debug|Any CPU
		{2E72CE9D-968B-485A-85AF-AD865203ABFA}.Release|Any CPU.ActiveCfg = Release|Any CPU
		{2E72CE9D-968B-485A-85AF-AD865203ABFA}.Release|Any CPU.Build.0 = Release|Any CPU
		{88E5C869-460F-4231-A98C-F1C6D5DB198B}.Debug|Any CPU.ActiveCfg = Debug|Any CPU
		{88E5C869-460F-4231-A98C-F1C6D5DB198B}.Debug|Any CPU.Build.0 = Debug|Any CPU
		{88E5C869-460F-4231-A98C-F1C6D5DB198B}.Release|Any CPU.ActiveCfg = Release|Any CPU
		{88E5C869-460F-4231-A98C-F1C6D5DB198B}.Release|Any CPU.Build.0 = Release|Any CPU
		{FE67C8A3-B4B2-4429-A5BA-379580EEE90C}.Debug|Any CPU.ActiveCfg = Debug|Any CPU
		{FE67C8A3-B4B2-4429-A5BA-379580EEE90C}.Debug|Any CPU.Build.0 = Debug|Any CPU
		{FE67C8A3-B4B2-4429-A5BA-379580EEE90C}.Release|Any CPU.ActiveCfg = Release|Any CPU
		{FE67C8A3-B4B2-4429-A5BA-379580EEE90C}.Release|Any CPU.Build.0 = Release|Any CPU
	EndGlobalSection
	GlobalSection(SolutionProperties) = preSolution
		HideSolutionNode = FALSE
	EndGlobalSection
EndGlobal
