
Microsoft Visual Studio Solution File, Format Version 12.00
# Visual Studio 15
VisualStudioVersion = 15.0.26730.12
MinimumVisualStudioVersion = 10.0.40219.1
Project("{FAE04EC0-301F-11D3-BF4B-00C04F79EFBC}") = "Example", "Example\Example.csproj", "{88E5C869-460F-4231-A98C-F1C6D5DB198B}"
EndProject
Project("{9A19103F-16F7-4668-BE54-9A1E7A4F7556}") = "PeNet", "PeNet2\PeNet.csproj", "{FE67C8A3-B4B2-4429-A5BA-379580EEE90C}"
EndProject
Project("{FAE04EC0-301F-11D3-BF4B-00C04F79EFBC}") = "PEditor", "PEditor\PEditor.csproj", "{41416783-179F-4117-A95B-DAAF6DD0B144}"
EndProject
Project("{FAE04EC0-301F-11D3-BF4B-00C04F79EFBC}") = "PeNet.UnitTest", "PeNet.UnitTest\PeNet.UnitTest.csproj", "{62019E60-5320-4250-B52F-5BB309B9A00C}"
EndProject
Project("{2150E333-8FDC-42A3-9474-1A3956D46DE8}") = "Solution Items", "Solution Items", "{7F4B3781-06A5-442E-A00C-926D0BC812D0}"
EndProject
Global
	GlobalSection(SolutionConfigurationPlatforms) = preSolution
		Debug|Any CPU = Debug|Any CPU
		Debug|x64 = Debug|x64
		Release|Any CPU = Release|Any CPU
		Release|x64 = Release|x64
	EndGlobalSection
	GlobalSection(ProjectConfigurationPlatforms) = postSolution
		{88E5C869-460F-4231-A98C-F1C6D5DB198B}.Debug|Any CPU.ActiveCfg = Debug|Any CPU
		{88E5C869-460F-4231-A98C-F1C6D5DB198B}.Debug|Any CPU.Build.0 = Debug|Any CPU
		{88E5C869-460F-4231-A98C-F1C6D5DB198B}.Debug|x64.ActiveCfg = Debug|x64
		{88E5C869-460F-4231-A98C-F1C6D5DB198B}.Debug|x64.Build.0 = Debug|x64
		{88E5C869-460F-4231-A98C-F1C6D5DB198B}.Release|Any CPU.ActiveCfg = Release|Any CPU
		{88E5C869-460F-4231-A98C-F1C6D5DB198B}.Release|Any CPU.Build.0 = Release|Any CPU
		{88E5C869-460F-4231-A98C-F1C6D5DB198B}.Release|x64.ActiveCfg = Release|x64
		{88E5C869-460F-4231-A98C-F1C6D5DB198B}.Release|x64.Build.0 = Release|x64
		{FE67C8A3-B4B2-4429-A5BA-379580EEE90C}.Debug|Any CPU.ActiveCfg = Debug|Any CPU
		{FE67C8A3-B4B2-4429-A5BA-379580EEE90C}.Debug|Any CPU.Build.0 = Debug|Any CPU
		{FE67C8A3-B4B2-4429-A5BA-379580EEE90C}.Debug|x64.ActiveCfg = Debug|Any CPU
		{FE67C8A3-B4B2-4429-A5BA-379580EEE90C}.Debug|x64.Build.0 = Debug|Any CPU
		{FE67C8A3-B4B2-4429-A5BA-379580EEE90C}.Release|Any CPU.ActiveCfg = Release|Any CPU
		{FE67C8A3-B4B2-4429-A5BA-379580EEE90C}.Release|Any CPU.Build.0 = Release|Any CPU
		{FE67C8A3-B4B2-4429-A5BA-379580EEE90C}.Release|x64.ActiveCfg = Release|Any CPU
		{FE67C8A3-B4B2-4429-A5BA-379580EEE90C}.Release|x64.Build.0 = Release|Any CPU
		{41416783-179F-4117-A95B-DAAF6DD0B144}.Debug|Any CPU.ActiveCfg = Debug|Any CPU
		{41416783-179F-4117-A95B-DAAF6DD0B144}.Debug|Any CPU.Build.0 = Debug|Any CPU
		{41416783-179F-4117-A95B-DAAF6DD0B144}.Debug|x64.ActiveCfg = Debug|x64
		{41416783-179F-4117-A95B-DAAF6DD0B144}.Debug|x64.Build.0 = Debug|x64
		{41416783-179F-4117-A95B-DAAF6DD0B144}.Release|Any CPU.ActiveCfg = Release|Any CPU
		{41416783-179F-4117-A95B-DAAF6DD0B144}.Release|Any CPU.Build.0 = Release|Any CPU
		{41416783-179F-4117-A95B-DAAF6DD0B144}.Release|x64.ActiveCfg = Release|x64
		{41416783-179F-4117-A95B-DAAF6DD0B144}.Release|x64.Build.0 = Release|x64
		{62019E60-5320-4250-B52F-5BB309B9A00C}.Debug|Any CPU.ActiveCfg = Debug|Any CPU
		{62019E60-5320-4250-B52F-5BB309B9A00C}.Debug|Any CPU.Build.0 = Debug|Any CPU
		{62019E60-5320-4250-B52F-5BB309B9A00C}.Debug|x64.ActiveCfg = Debug|Any CPU
		{62019E60-5320-4250-B52F-5BB309B9A00C}.Debug|x64.Build.0 = Debug|Any CPU
		{62019E60-5320-4250-B52F-5BB309B9A00C}.Release|Any CPU.ActiveCfg = Release|Any CPU
		{62019E60-5320-4250-B52F-5BB309B9A00C}.Release|Any CPU.Build.0 = Release|Any CPU
		{62019E60-5320-4250-B52F-5BB309B9A00C}.Release|x64.ActiveCfg = Release|Any CPU
		{62019E60-5320-4250-B52F-5BB309B9A00C}.Release|x64.Build.0 = Release|Any CPU
	EndGlobalSection
	GlobalSection(SolutionProperties) = preSolution
		HideSolutionNode = FALSE
	EndGlobalSection
	GlobalSection(ExtensibilityGlobals) = postSolution
		SolutionGuid = {DDEF9B8E-AB65-440B-86B9-BF0BE9BE5993}
	EndGlobalSection
EndGlobal
