
Microsoft Visual Studio Solution File, Format Version 12.00
# Visual Studio Version 16
VisualStudioVersion = 16.0.28527.54
MinimumVisualStudioVersion = 10.0.40219.1
Project("{2150E333-8FDC-42A3-9474-1A3956D46DE8}") = "Solution Items", "Solution Items", "{7F4B3781-06A5-442E-A00C-926D0BC812D0}"
	ProjectSection(SolutionItems) = preProject
		.gitattributes = .gitattributes
		.gitignore = .gitignore
		azure-pipelines.yml = azure-pipelines.yml
		LICENSE = LICENSE
		README.md = README.md
	EndProjectSection
EndProject
Project("{2150E333-8FDC-42A3-9474-1A3956D46DE8}") = "src", "src", "{C6BBC182-0EA7-4DEA-8D06-C7B27B863B92}"
EndProject
Project("{2150E333-8FDC-42A3-9474-1A3956D46DE8}") = "test", "test", "{B7DE051E-5D6F-4209-8472-B8A407C3D257}"
EndProject
Project("{9A19103F-16F7-4668-BE54-9A1E7A4F7556}") = "PeNet", "src\PeNet\PeNet.csproj", "{12794D4D-98EA-4A5C-92EA-D3282790C3D3}"
EndProject
Project("{9A19103F-16F7-4668-BE54-9A1E7A4F7556}") = "PeNet.Test", "test\PeNet.Test\PeNet.Test.csproj", "{2A160801-CC38-4986-AC00-B742ACC567D7}"
EndProject
Global
	GlobalSection(SolutionConfigurationPlatforms) = preSolution
		Debug|Any CPU = Debug|Any CPU
		Debug|x64 = Debug|x64
		Release|Any CPU = Release|Any CPU
		Release|x64 = Release|x64
	EndGlobalSection
	GlobalSection(ProjectConfigurationPlatforms) = postSolution
		{12794D4D-98EA-4A5C-92EA-D3282790C3D3}.Debug|Any CPU.ActiveCfg = Debug|Any CPU
		{12794D4D-98EA-4A5C-92EA-D3282790C3D3}.Debug|Any CPU.Build.0 = Debug|Any CPU
		{12794D4D-98EA-4A5C-92EA-D3282790C3D3}.Debug|x64.ActiveCfg = Debug|Any CPU
		{12794D4D-98EA-4A5C-92EA-D3282790C3D3}.Debug|x64.Build.0 = Debug|Any CPU
		{12794D4D-98EA-4A5C-92EA-D3282790C3D3}.Release|Any CPU.ActiveCfg = Release|Any CPU
		{12794D4D-98EA-4A5C-92EA-D3282790C3D3}.Release|Any CPU.Build.0 = Release|Any CPU
		{12794D4D-98EA-4A5C-92EA-D3282790C3D3}.Release|x64.ActiveCfg = Release|Any CPU
		{12794D4D-98EA-4A5C-92EA-D3282790C3D3}.Release|x64.Build.0 = Release|Any CPU
		{2A160801-CC38-4986-AC00-B742ACC567D7}.Debug|Any CPU.ActiveCfg = Debug|Any CPU
		{2A160801-CC38-4986-AC00-B742ACC567D7}.Debug|Any CPU.Build.0 = Debug|Any CPU
		{2A160801-CC38-4986-AC00-B742ACC567D7}.Debug|x64.ActiveCfg = Debug|Any CPU
		{2A160801-CC38-4986-AC00-B742ACC567D7}.Debug|x64.Build.0 = Debug|Any CPU
		{2A160801-CC38-4986-AC00-B742ACC567D7}.Release|Any CPU.ActiveCfg = Release|Any CPU
		{2A160801-CC38-4986-AC00-B742ACC567D7}.Release|Any CPU.Build.0 = Release|Any CPU
		{2A160801-CC38-4986-AC00-B742ACC567D7}.Release|x64.ActiveCfg = Release|Any CPU
		{2A160801-CC38-4986-AC00-B742ACC567D7}.Release|x64.Build.0 = Release|Any CPU
	EndGlobalSection
	GlobalSection(SolutionProperties) = preSolution
		HideSolutionNode = FALSE
	EndGlobalSection
	GlobalSection(NestedProjects) = preSolution
		{12794D4D-98EA-4A5C-92EA-D3282790C3D3} = {C6BBC182-0EA7-4DEA-8D06-C7B27B863B92}
		{2A160801-CC38-4986-AC00-B742ACC567D7} = {B7DE051E-5D6F-4209-8472-B8A407C3D257}
	EndGlobalSection
	GlobalSection(ExtensibilityGlobals) = postSolution
		SolutionGuid = {DDEF9B8E-AB65-440B-86B9-BF0BE9BE5993}
	EndGlobalSection
EndGlobal
